
Microsoft Visual Studio Solution File, Format Version 12.00
# Visual Studio Version 17
VisualStudioVersion = 17.8.34408.163
MinimumVisualStudioVersion = 10.0.40219.1
Project("{2150E333-8FDC-42A3-9474-1A3956D46DE8}") = "Services", "Services", "{F9D1E4A3-DDA0-47DC-8E50-3F514828F4A8}"
EndProject
Project("{2150E333-8FDC-42A3-9474-1A3956D46DE8}") = "Catalog", "Catalog", "{37392C24-0A23-46BE-B599-24566BA4C866}"
EndProject
Project("{9A19103F-16F7-4668-BE54-9A1E7A4F7556}") = "Catalog.API", "Services\Catalog\Catalog.API\Catalog.API.csproj", "{54B3425A-62ED-461B-BEF5-526B719BB615}"
EndProject
Project("{9A19103F-16F7-4668-BE54-9A1E7A4F7556}") = "Catalog.Core", "Services\Catalog\Catalog.Core\Catalog.Core.csproj", "{62F6149D-F14D-46EF-819B-CA3890A2C124}"
EndProject
Project("{9A19103F-16F7-4668-BE54-9A1E7A4F7556}") = "Catalog.Application", "Services\Catalog\Catalog.Application\Catalog.Application.csproj", "{C752701C-D88C-4D50-8FFC-8D90014079E7}"
EndProject
Project("{9A19103F-16F7-4668-BE54-9A1E7A4F7556}") = "Catalog.Infrastructure", "Services\Catalog\Catalog.Infrastructure\Catalog.Infrastructure.csproj", "{5B996731-09F2-4D45-8357-934C4277B00D}"
EndProject
Project("{E53339B2-1760-4266-BCC7-CA923CBCF16C}") = "docker-compose", "docker-compose.dcproj", "{1E30E90E-3AF5-4168-8C4A-991F3E12E3B7}"
EndProject
Project("{2150E333-8FDC-42A3-9474-1A3956D46DE8}") = "Basket", "Basket", "{A7A112DC-6302-4703-9522-B876DD16FE9D}"
EndProject
Project("{9A19103F-16F7-4668-BE54-9A1E7A4F7556}") = "Basket.Core", "Services\Basket\Basket.Core\Basket.Core.csproj", "{68B40228-4F12-474C-B85D-2D98DB103312}"
EndProject
Project("{9A19103F-16F7-4668-BE54-9A1E7A4F7556}") = "Basket.Application", "Services\Basket\Basket.Application\Basket.Application.csproj", "{DD228C9B-68C5-4D66-857F-8B20E7145AB9}"
EndProject
Project("{9A19103F-16F7-4668-BE54-9A1E7A4F7556}") = "Basket.Infrastructure", "Services\Basket\Basket.Infrastructure\Basket.Infrastructure.csproj", "{D03E8DDD-8957-4927-8857-32A19C3670B0}"
EndProject
Project("{9A19103F-16F7-4668-BE54-9A1E7A4F7556}") = "Basket.API", "Services\Basket\Basket.API\Basket.API.csproj", "{F8D6A9CB-A082-4478-AB16-1D73A2523D85}"
EndProject
Project("{2150E333-8FDC-42A3-9474-1A3956D46DE8}") = "Discount", "Discount", "{582F6523-B921-423F-B643-BECBA44BCA15}"
EndProject
Project("{9A19103F-16F7-4668-BE54-9A1E7A4F7556}") = "Discount.API", "Services\Discount\Discount.API\Discount.API.csproj", "{5CFC7591-99E5-4B4B-9F54-E83453177CCD}"
EndProject
Project("{9A19103F-16F7-4668-BE54-9A1E7A4F7556}") = "Discount.Core", "Services\Discount\Discount.Core\Discount.Core.csproj", "{7DD0DBD1-2345-4571-ADC5-04EC9A282836}"
EndProject
Project("{FAE04EC0-301F-11D3-BF4B-00C04F79EFBC}") = "Discount.Infrastructure", "Services\Discount\Discount.Infrastructure\Discount.Infrastructure.csproj", "{0CEAF3CA-73E2-4595-A9B3-C1017990A337}"
EndProject
Project("{FAE04EC0-301F-11D3-BF4B-00C04F79EFBC}") = "Discount.Application", "Services\Discount\Discount.Application\Discount.Application.csproj", "{610CC6A5-2C9B-4475-89CB-0D04F40E1F0E}"
EndProject
Global
	GlobalSection(SolutionConfigurationPlatforms) = preSolution
		Debug|Any CPU = Debug|Any CPU
		Release|Any CPU = Release|Any CPU
	EndGlobalSection
	GlobalSection(ProjectConfigurationPlatforms) = postSolution
		{54B3425A-62ED-461B-BEF5-526B719BB615}.Debug|Any CPU.ActiveCfg = Debug|Any CPU
		{54B3425A-62ED-461B-BEF5-526B719BB615}.Debug|Any CPU.Build.0 = Debug|Any CPU
		{54B3425A-62ED-461B-BEF5-526B719BB615}.Release|Any CPU.ActiveCfg = Release|Any CPU
		{54B3425A-62ED-461B-BEF5-526B719BB615}.Release|Any CPU.Build.0 = Release|Any CPU
		{62F6149D-F14D-46EF-819B-CA3890A2C124}.Debug|Any CPU.ActiveCfg = Debug|Any CPU
		{62F6149D-F14D-46EF-819B-CA3890A2C124}.Debug|Any CPU.Build.0 = Debug|Any CPU
		{62F6149D-F14D-46EF-819B-CA3890A2C124}.Release|Any CPU.ActiveCfg = Release|Any CPU
		{62F6149D-F14D-46EF-819B-CA3890A2C124}.Release|Any CPU.Build.0 = Release|Any CPU
		{C752701C-D88C-4D50-8FFC-8D90014079E7}.Debug|Any CPU.ActiveCfg = Debug|Any CPU
		{C752701C-D88C-4D50-8FFC-8D90014079E7}.Debug|Any CPU.Build.0 = Debug|Any CPU
		{C752701C-D88C-4D50-8FFC-8D90014079E7}.Release|Any CPU.ActiveCfg = Release|Any CPU
		{C752701C-D88C-4D50-8FFC-8D90014079E7}.Release|Any CPU.Build.0 = Release|Any CPU
		{5B996731-09F2-4D45-8357-934C4277B00D}.Debug|Any CPU.ActiveCfg = Debug|Any CPU
		{5B996731-09F2-4D45-8357-934C4277B00D}.Debug|Any CPU.Build.0 = Debug|Any CPU
		{5B996731-09F2-4D45-8357-934C4277B00D}.Release|Any CPU.ActiveCfg = Release|Any CPU
		{5B996731-09F2-4D45-8357-934C4277B00D}.Release|Any CPU.Build.0 = Release|Any CPU
		{1E30E90E-3AF5-4168-8C4A-991F3E12E3B7}.Debug|Any CPU.ActiveCfg = Debug|Any CPU
		{1E30E90E-3AF5-4168-8C4A-991F3E12E3B7}.Debug|Any CPU.Build.0 = Debug|Any CPU
		{1E30E90E-3AF5-4168-8C4A-991F3E12E3B7}.Release|Any CPU.ActiveCfg = Release|Any CPU
		{1E30E90E-3AF5-4168-8C4A-991F3E12E3B7}.Release|Any CPU.Build.0 = Release|Any CPU
		{68B40228-4F12-474C-B85D-2D98DB103312}.Debug|Any CPU.ActiveCfg = Debug|Any CPU
		{68B40228-4F12-474C-B85D-2D98DB103312}.Debug|Any CPU.Build.0 = Debug|Any CPU
		{68B40228-4F12-474C-B85D-2D98DB103312}.Release|Any CPU.ActiveCfg = Release|Any CPU
		{68B40228-4F12-474C-B85D-2D98DB103312}.Release|Any CPU.Build.0 = Release|Any CPU
		{DD228C9B-68C5-4D66-857F-8B20E7145AB9}.Debug|Any CPU.ActiveCfg = Debug|Any CPU
		{DD228C9B-68C5-4D66-857F-8B20E7145AB9}.Debug|Any CPU.Build.0 = Debug|Any CPU
		{DD228C9B-68C5-4D66-857F-8B20E7145AB9}.Release|Any CPU.ActiveCfg = Release|Any CPU
		{DD228C9B-68C5-4D66-857F-8B20E7145AB9}.Release|Any CPU.Build.0 = Release|Any CPU
		{D03E8DDD-8957-4927-8857-32A19C3670B0}.Debug|Any CPU.ActiveCfg = Debug|Any CPU
		{D03E8DDD-8957-4927-8857-32A19C3670B0}.Debug|Any CPU.Build.0 = Debug|Any CPU
		{D03E8DDD-8957-4927-8857-32A19C3670B0}.Release|Any CPU.ActiveCfg = Release|Any CPU
		{D03E8DDD-8957-4927-8857-32A19C3670B0}.Release|Any CPU.Build.0 = Release|Any CPU
		{F8D6A9CB-A082-4478-AB16-1D73A2523D85}.Debug|Any CPU.ActiveCfg = Debug|Any CPU
		{F8D6A9CB-A082-4478-AB16-1D73A2523D85}.Debug|Any CPU.Build.0 = Debug|Any CPU
		{F8D6A9CB-A082-4478-AB16-1D73A2523D85}.Release|Any CPU.ActiveCfg = Release|Any CPU
		{F8D6A9CB-A082-4478-AB16-1D73A2523D85}.Release|Any CPU.Build.0 = Release|Any CPU
		{5CFC7591-99E5-4B4B-9F54-E83453177CCD}.Debug|Any CPU.ActiveCfg = Debug|Any CPU
		{5CFC7591-99E5-4B4B-9F54-E83453177CCD}.Debug|Any CPU.Build.0 = Debug|Any CPU
		{5CFC7591-99E5-4B4B-9F54-E83453177CCD}.Release|Any CPU.ActiveCfg = Release|Any CPU
		{5CFC7591-99E5-4B4B-9F54-E83453177CCD}.Release|Any CPU.Build.0 = Release|Any CPU
		{7DD0DBD1-2345-4571-ADC5-04EC9A282836}.Debug|Any CPU.ActiveCfg = Debug|Any CPU
		{7DD0DBD1-2345-4571-ADC5-04EC9A282836}.Debug|Any CPU.Build.0 = Debug|Any CPU
		{7DD0DBD1-2345-4571-ADC5-04EC9A282836}.Release|Any CPU.ActiveCfg = Release|Any CPU
		{7DD0DBD1-2345-4571-ADC5-04EC9A282836}.Release|Any CPU.Build.0 = Release|Any CPU
		{0CEAF3CA-73E2-4595-A9B3-C1017990A337}.Debug|Any CPU.ActiveCfg = Debug|Any CPU
		{0CEAF3CA-73E2-4595-A9B3-C1017990A337}.Debug|Any CPU.Build.0 = Debug|Any CPU
		{0CEAF3CA-73E2-4595-A9B3-C1017990A337}.Release|Any CPU.ActiveCfg = Release|Any CPU
		{0CEAF3CA-73E2-4595-A9B3-C1017990A337}.Release|Any CPU.Build.0 = Release|Any CPU
		{610CC6A5-2C9B-4475-89CB-0D04F40E1F0E}.Debug|Any CPU.ActiveCfg = Debug|Any CPU
		{610CC6A5-2C9B-4475-89CB-0D04F40E1F0E}.Debug|Any CPU.Build.0 = Debug|Any CPU
		{610CC6A5-2C9B-4475-89CB-0D04F40E1F0E}.Release|Any CPU.ActiveCfg = Release|Any CPU
		{610CC6A5-2C9B-4475-89CB-0D04F40E1F0E}.Release|Any CPU.Build.0 = Release|Any CPU
	EndGlobalSection
	GlobalSection(SolutionProperties) = preSolution
		HideSolutionNode = FALSE
	EndGlobalSection
	GlobalSection(NestedProjects) = preSolution
		{37392C24-0A23-46BE-B599-24566BA4C866} = {F9D1E4A3-DDA0-47DC-8E50-3F514828F4A8}
		{54B3425A-62ED-461B-BEF5-526B719BB615} = {37392C24-0A23-46BE-B599-24566BA4C866}
		{62F6149D-F14D-46EF-819B-CA3890A2C124} = {37392C24-0A23-46BE-B599-24566BA4C866}
		{C752701C-D88C-4D50-8FFC-8D90014079E7} = {37392C24-0A23-46BE-B599-24566BA4C866}
		{5B996731-09F2-4D45-8357-934C4277B00D} = {37392C24-0A23-46BE-B599-24566BA4C866}
		{A7A112DC-6302-4703-9522-B876DD16FE9D} = {F9D1E4A3-DDA0-47DC-8E50-3F514828F4A8}
		{68B40228-4F12-474C-B85D-2D98DB103312} = {A7A112DC-6302-4703-9522-B876DD16FE9D}
		{DD228C9B-68C5-4D66-857F-8B20E7145AB9} = {A7A112DC-6302-4703-9522-B876DD16FE9D}
		{D03E8DDD-8957-4927-8857-32A19C3670B0} = {A7A112DC-6302-4703-9522-B876DD16FE9D}
		{F8D6A9CB-A082-4478-AB16-1D73A2523D85} = {A7A112DC-6302-4703-9522-B876DD16FE9D}
		{582F6523-B921-423F-B643-BECBA44BCA15} = {F9D1E4A3-DDA0-47DC-8E50-3F514828F4A8}
		{5CFC7591-99E5-4B4B-9F54-E83453177CCD} = {582F6523-B921-423F-B643-BECBA44BCA15}
		{7DD0DBD1-2345-4571-ADC5-04EC9A282836} = {582F6523-B921-423F-B643-BECBA44BCA15}
		{0CEAF3CA-73E2-4595-A9B3-C1017990A337} = {582F6523-B921-423F-B643-BECBA44BCA15}
		{610CC6A5-2C9B-4475-89CB-0D04F40E1F0E} = {582F6523-B921-423F-B643-BECBA44BCA15}
	EndGlobalSection
	GlobalSection(ExtensibilityGlobals) = postSolution
		SolutionGuid = {1A169DA1-14B7-43E3-8EE3-C2EB334AE6B8}
	EndGlobalSection
EndGlobal
